
Microsoft Visual Studio Solution File, Format Version 12.00
# Visual Studio 15
VisualStudioVersion = 15.0.27703.2026
MinimumVisualStudioVersion = 10.0.40219.1
Project("{9A19103F-16F7-4668-BE54-9A1E7A4F7556}") = "CobWebScraper", "CobWebScraper\CobWebScraper.csproj", "{B456F3C9-2F00-4033-86CA-83A941100E2A}"
EndProject
Project("{FAE04EC0-301F-11D3-BF4B-00C04F79EFBC}") = "CobWebScraper.Test.Unit", "CobWebScraper.Test.Unit\CobWebScraper.Test.Unit.csproj", "{4299A3BB-407A-4F6B-B6FB-73344D403ED8}"
EndProject
Global
	GlobalSection(SolutionConfigurationPlatforms) = preSolution
		Debug|Any CPU = Debug|Any CPU
		Release|Any CPU = Release|Any CPU
	EndGlobalSection
	GlobalSection(ProjectConfigurationPlatforms) = postSolution
		{B456F3C9-2F00-4033-86CA-83A941100E2A}.Debug|Any CPU.ActiveCfg = Debug|Any CPU
		{B456F3C9-2F00-4033-86CA-83A941100E2A}.Debug|Any CPU.Build.0 = Debug|Any CPU
		{B456F3C9-2F00-4033-86CA-83A941100E2A}.Release|Any CPU.ActiveCfg = Release|Any CPU
		{B456F3C9-2F00-4033-86CA-83A941100E2A}.Release|Any CPU.Build.0 = Release|Any CPU
		{4299A3BB-407A-4F6B-B6FB-73344D403ED8}.Debug|Any CPU.ActiveCfg = Debug|Any CPU
		{4299A3BB-407A-4F6B-B6FB-73344D403ED8}.Debug|Any CPU.Build.0 = Debug|Any CPU
		{4299A3BB-407A-4F6B-B6FB-73344D403ED8}.Release|Any CPU.ActiveCfg = Release|Any CPU
		{4299A3BB-407A-4F6B-B6FB-73344D403ED8}.Release|Any CPU.Build.0 = Release|Any CPU
	EndGlobalSection
	GlobalSection(SolutionProperties) = preSolution
		HideSolutionNode = FALSE
	EndGlobalSection
	GlobalSection(ExtensibilityGlobals) = postSolution
		SolutionGuid = {3A8D2D3B-FE67-4A23-A229-5855F8014427}
	EndGlobalSection
EndGlobal
